
Microsoft Visual Studio Solution File, Format Version 12.00
# Visual Studio Version 17
VisualStudioVersion = 17.7.34024.191
MinimumVisualStudioVersion = 10.0.40219.1
Project("{2150E333-8FDC-42A3-9474-1A3956D46DE8}") = "Solution Items", "Solution Items", "{6C35D00D-A87A-48A6-97DE-C6642EF968F8}"
	ProjectSection(SolutionItems) = preProject
		..\..\Fumy\FMS.Application\.editorconfig = ..\..\Fumy\FMS.Application\.editorconfig
		..\..\Fumy\FMS.Application\.gitignore = ..\..\Fumy\FMS.Application\.gitignore
		..\..\Fumy\FMS.Application\Directory.Build.props = ..\..\Fumy\FMS.Application\Directory.Build.props
		..\..\Fumy\FMS.Application\Directory.Packages.props = ..\..\Fumy\FMS.Application\Directory.Packages.props
		..\..\Fumy\FMS.Application\global.json = ..\..\Fumy\FMS.Application\global.json
		..\..\Fumy\FMS.Application\README.md = ..\..\Fumy\FMS.Application\README.md
	EndProjectSection
EndProject
Project("{2150E333-8FDC-42A3-9474-1A3956D46DE8}") = "src", "src", "{BF1B4A4A-E8FE-4CB7-9DAC-A422B2448499}"
EndProject
Project("{2150E333-8FDC-42A3-9474-1A3956D46DE8}") = "CommonLibrary", "CommonLibrary", "{990EA3B3-AF14-4AAA-96B4-9FC3D09B65D6}"
EndProject
Project("{9A19103F-16F7-4668-BE54-9A1E7A4F7556}") = "DR.Attributes", "src\CommonLibrary\DR.Attributes\DR.Attributes.csproj", "{8F8312E3-5E60-4049-A307-9D4089DA0C8B}"
	ProjectSection(ProjectDependencies) = postProject
		{54917699-0D1F-4E9C-B2D7-1814EE10947C} = {54917699-0D1F-4E9C-B2D7-1814EE10947C}
		{883320D6-390A-4B1C-889A-BA28644CF9F5} = {883320D6-390A-4B1C-889A-BA28644CF9F5}
	EndProjectSection
EndProject
Project("{9A19103F-16F7-4668-BE54-9A1E7A4F7556}") = "DR.Common", "src\CommonLibrary\DR.Common\DR.Common.csproj", "{54917699-0D1F-4E9C-B2D7-1814EE10947C}"
EndProject
Project("{9A19103F-16F7-4668-BE54-9A1E7A4F7556}") = "DR.Configuration", "src\CommonLibrary\DR.Configuration\DR.Configuration.csproj", "{883320D6-390A-4B1C-889A-BA28644CF9F5}"
EndProject
Project("{9A19103F-16F7-4668-BE54-9A1E7A4F7556}") = "DR.Database", "src\CommonLibrary\DR.Database\DR.Database.csproj", "{106FD3B5-83FC-45A5-8D60-098357AAA51C}"
EndProject
Project("{9A19103F-16F7-4668-BE54-9A1E7A4F7556}") = "DR.Constant", "src\CommonLibrary\DR.Constant\DR.Constant.csproj", "{4F9CBC8A-F592-4250-9EB2-5CDC1C5C7E3B}"
EndProject
Project("{9A19103F-16F7-4668-BE54-9A1E7A4F7556}") = "DR.Helper", "src\CommonLibrary\DR.Helper\DR.Helper.csproj", "{7107681B-40F1-4A2D-9DA9-698590A18D04}"
EndProject
Project("{9A19103F-16F7-4668-BE54-9A1E7A4F7556}") = "DR.Message", "src\CommonLibrary\DR.Message\DR.Message.csproj", "{C567A9E5-E45A-481B-9BBA-48462A522F78}"
EndProject
Project("{9A19103F-16F7-4668-BE54-9A1E7A4F7556}") = "DR.Model", "src\CommonLibrary\DR.Model\DR.Model.csproj", "{E2A015CD-A5C6-4F5C-B088-D39B53F926CE}"
EndProject
Project("{9A19103F-16F7-4668-BE54-9A1E7A4F7556}") = "DR.Redis", "src\CommonLibrary\DR.Redis\DR.Redis.csproj", "{CA3221B4-81AF-423D-890B-35EA44F1ADF1}"
EndProject
Project("{9A19103F-16F7-4668-BE54-9A1E7A4F7556}") = "DR.Resource", "src\CommonLibrary\DR.Resource\DR.Resource.csproj", "{C825EE75-C988-42DB-9B1A-7B94E28C3D2E}"
EndProject
Project("{9A19103F-16F7-4668-BE54-9A1E7A4F7556}") = "DR.Telegram", "src\CommonLibrary\DR.Telegram\DR.Telegram.csproj", "{8C61BA4D-8F77-497C-8AD4-9605B3E7F91E}"
EndProject
Project("{2150E333-8FDC-42A3-9474-1A3956D46DE8}") = "ManageApi", "ManageApi", "{89CE0D6F-B1AD-40E6-B191-3900912F2267}"
EndProject
Project("{9A19103F-16F7-4668-BE54-9A1E7A4F7556}") = "DR.ManageApi", "src\ManageApi\DR.ManageApi\DR.ManageApi.csproj", "{2B28992F-4883-4C33-82E3-6696021FB5B9}"
	ProjectSection(ProjectDependencies) = postProject
		{01765962-B73D-447E-A2B1-FC0D7A7D347C} = {01765962-B73D-447E-A2B1-FC0D7A7D347C}
		{54917699-0D1F-4E9C-B2D7-1814EE10947C} = {54917699-0D1F-4E9C-B2D7-1814EE10947C}
		{883320D6-390A-4B1C-889A-BA28644CF9F5} = {883320D6-390A-4B1C-889A-BA28644CF9F5}
		{8C61BA4D-8F77-497C-8AD4-9605B3E7F91E} = {8C61BA4D-8F77-497C-8AD4-9605B3E7F91E}
		{C06744FF-65DD-412A-8AEE-92D21A91D03A} = {C06744FF-65DD-412A-8AEE-92D21A91D03A}
		{CA3221B4-81AF-423D-890B-35EA44F1ADF1} = {CA3221B4-81AF-423D-890B-35EA44F1ADF1}
	EndProjectSection
EndProject
Project("{9A19103F-16F7-4668-BE54-9A1E7A4F7556}") = "DR.ManageApi.Application", "src\ManageApi\DR.ManageApi.Application\DR.ManageApi.Application.csproj", "{01765962-B73D-447E-A2B1-FC0D7A7D347C}"
EndProject
Project("{9A19103F-16F7-4668-BE54-9A1E7A4F7556}") = "DR.ManageApi.Domain", "src\ManageApi\DR.ManageApi.Domain\DR.ManageApi.Domain.csproj", "{C06744FF-65DD-412A-8AEE-92D21A91D03A}"
EndProject
Project("{FAE04EC0-301F-11D3-BF4B-00C04F79EFBC}") = "DR.Contexts", "src\CommonLibrary\DR.Contexts\DR.Contexts.csproj", "{8809DA32-E43C-4E59-A254-913DABC7EA18}"
EndProject
Project("{FAE04EC0-301F-11D3-BF4B-00C04F79EFBC}") = "CommonService", "src\CommonLibrary\CommonService\CommonService.csproj", "{C44135AC-2F1D-439D-AE82-2C1C4ED80665}"
EndProject
Project("{FAE04EC0-301F-11D3-BF4B-00C04F79EFBC}") = "DR.Operators", "src\CommonLibrary\Operators\DR.Operators.csproj", "{4F32F9A9-16EF-4090-9087-1E6DDE8CE535}"
EndProject
Global
	GlobalSection(SolutionConfigurationPlatforms) = preSolution
		Debug|Any CPU = Debug|Any CPU
		Release|Any CPU = Release|Any CPU
	EndGlobalSection
	GlobalSection(ProjectConfigurationPlatforms) = postSolution
		{8F8312E3-5E60-4049-A307-9D4089DA0C8B}.Debug|Any CPU.ActiveCfg = Debug|Any CPU
		{8F8312E3-5E60-4049-A307-9D4089DA0C8B}.Debug|Any CPU.Build.0 = Debug|Any CPU
		{8F8312E3-5E60-4049-A307-9D4089DA0C8B}.Release|Any CPU.ActiveCfg = Release|Any CPU
		{8F8312E3-5E60-4049-A307-9D4089DA0C8B}.Release|Any CPU.Build.0 = Release|Any CPU
		{54917699-0D1F-4E9C-B2D7-1814EE10947C}.Debug|Any CPU.ActiveCfg = Debug|Any CPU
		{54917699-0D1F-4E9C-B2D7-1814EE10947C}.Debug|Any CPU.Build.0 = Debug|Any CPU
		{54917699-0D1F-4E9C-B2D7-1814EE10947C}.Release|Any CPU.ActiveCfg = Release|Any CPU
		{54917699-0D1F-4E9C-B2D7-1814EE10947C}.Release|Any CPU.Build.0 = Release|Any CPU
		{883320D6-390A-4B1C-889A-BA28644CF9F5}.Debug|Any CPU.ActiveCfg = Debug|Any CPU
		{883320D6-390A-4B1C-889A-BA28644CF9F5}.Debug|Any CPU.Build.0 = Debug|Any CPU
		{883320D6-390A-4B1C-889A-BA28644CF9F5}.Release|Any CPU.ActiveCfg = Release|Any CPU
		{883320D6-390A-4B1C-889A-BA28644CF9F5}.Release|Any CPU.Build.0 = Release|Any CPU
		{106FD3B5-83FC-45A5-8D60-098357AAA51C}.Debug|Any CPU.ActiveCfg = Debug|Any CPU
		{106FD3B5-83FC-45A5-8D60-098357AAA51C}.Debug|Any CPU.Build.0 = Debug|Any CPU
		{106FD3B5-83FC-45A5-8D60-098357AAA51C}.Release|Any CPU.ActiveCfg = Release|Any CPU
		{106FD3B5-83FC-45A5-8D60-098357AAA51C}.Release|Any CPU.Build.0 = Release|Any CPU
		{4F9CBC8A-F592-4250-9EB2-5CDC1C5C7E3B}.Debug|Any CPU.ActiveCfg = Debug|Any CPU
		{4F9CBC8A-F592-4250-9EB2-5CDC1C5C7E3B}.Debug|Any CPU.Build.0 = Debug|Any CPU
		{4F9CBC8A-F592-4250-9EB2-5CDC1C5C7E3B}.Release|Any CPU.ActiveCfg = Release|Any CPU
		{4F9CBC8A-F592-4250-9EB2-5CDC1C5C7E3B}.Release|Any CPU.Build.0 = Release|Any CPU
		{7107681B-40F1-4A2D-9DA9-698590A18D04}.Debug|Any CPU.ActiveCfg = Debug|Any CPU
		{7107681B-40F1-4A2D-9DA9-698590A18D04}.Debug|Any CPU.Build.0 = Debug|Any CPU
		{7107681B-40F1-4A2D-9DA9-698590A18D04}.Release|Any CPU.ActiveCfg = Release|Any CPU
		{7107681B-40F1-4A2D-9DA9-698590A18D04}.Release|Any CPU.Build.0 = Release|Any CPU
		{C567A9E5-E45A-481B-9BBA-48462A522F78}.Debug|Any CPU.ActiveCfg = Debug|Any CPU
		{C567A9E5-E45A-481B-9BBA-48462A522F78}.Debug|Any CPU.Build.0 = Debug|Any CPU
		{C567A9E5-E45A-481B-9BBA-48462A522F78}.Release|Any CPU.ActiveCfg = Release|Any CPU
		{C567A9E5-E45A-481B-9BBA-48462A522F78}.Release|Any CPU.Build.0 = Release|Any CPU
		{E2A015CD-A5C6-4F5C-B088-D39B53F926CE}.Debug|Any CPU.ActiveCfg = Debug|Any CPU
		{E2A015CD-A5C6-4F5C-B088-D39B53F926CE}.Debug|Any CPU.Build.0 = Debug|Any CPU
		{E2A015CD-A5C6-4F5C-B088-D39B53F926CE}.Release|Any CPU.ActiveCfg = Release|Any CPU
		{E2A015CD-A5C6-4F5C-B088-D39B53F926CE}.Release|Any CPU.Build.0 = Release|Any CPU
		{CA3221B4-81AF-423D-890B-35EA44F1ADF1}.Debug|Any CPU.ActiveCfg = Debug|Any CPU
		{CA3221B4-81AF-423D-890B-35EA44F1ADF1}.Debug|Any CPU.Build.0 = Debug|Any CPU
		{CA3221B4-81AF-423D-890B-35EA44F1ADF1}.Release|Any CPU.ActiveCfg = Release|Any CPU
		{CA3221B4-81AF-423D-890B-35EA44F1ADF1}.Release|Any CPU.Build.0 = Release|Any CPU
		{C825EE75-C988-42DB-9B1A-7B94E28C3D2E}.Debug|Any CPU.ActiveCfg = Debug|Any CPU
		{C825EE75-C988-42DB-9B1A-7B94E28C3D2E}.Debug|Any CPU.Build.0 = Debug|Any CPU
		{C825EE75-C988-42DB-9B1A-7B94E28C3D2E}.Release|Any CPU.ActiveCfg = Release|Any CPU
		{C825EE75-C988-42DB-9B1A-7B94E28C3D2E}.Release|Any CPU.Build.0 = Release|Any CPU
		{8C61BA4D-8F77-497C-8AD4-9605B3E7F91E}.Debug|Any CPU.ActiveCfg = Debug|Any CPU
		{8C61BA4D-8F77-497C-8AD4-9605B3E7F91E}.Debug|Any CPU.Build.0 = Debug|Any CPU
		{8C61BA4D-8F77-497C-8AD4-9605B3E7F91E}.Release|Any CPU.ActiveCfg = Release|Any CPU
		{8C61BA4D-8F77-497C-8AD4-9605B3E7F91E}.Release|Any CPU.Build.0 = Release|Any CPU
		{2B28992F-4883-4C33-82E3-6696021FB5B9}.Debug|Any CPU.ActiveCfg = Debug|Any CPU
		{2B28992F-4883-4C33-82E3-6696021FB5B9}.Debug|Any CPU.Build.0 = Debug|Any CPU
		{2B28992F-4883-4C33-82E3-6696021FB5B9}.Release|Any CPU.ActiveCfg = Release|Any CPU
		{2B28992F-4883-4C33-82E3-6696021FB5B9}.Release|Any CPU.Build.0 = Release|Any CPU
		{01765962-B73D-447E-A2B1-FC0D7A7D347C}.Debug|Any CPU.ActiveCfg = Debug|Any CPU
		{01765962-B73D-447E-A2B1-FC0D7A7D347C}.Debug|Any CPU.Build.0 = Debug|Any CPU
		{01765962-B73D-447E-A2B1-FC0D7A7D347C}.Release|Any CPU.ActiveCfg = Release|Any CPU
		{01765962-B73D-447E-A2B1-FC0D7A7D347C}.Release|Any CPU.Build.0 = Release|Any CPU
		{C06744FF-65DD-412A-8AEE-92D21A91D03A}.Debug|Any CPU.ActiveCfg = Debug|Any CPU
		{C06744FF-65DD-412A-8AEE-92D21A91D03A}.Debug|Any CPU.Build.0 = Debug|Any CPU
		{C06744FF-65DD-412A-8AEE-92D21A91D03A}.Release|Any CPU.ActiveCfg = Release|Any CPU
		{C06744FF-65DD-412A-8AEE-92D21A91D03A}.Release|Any CPU.Build.0 = Release|Any CPU
		{8809DA32-E43C-4E59-A254-913DABC7EA18}.Debug|Any CPU.ActiveCfg = Debug|Any CPU
		{8809DA32-E43C-4E59-A254-913DABC7EA18}.Debug|Any CPU.Build.0 = Debug|Any CPU
		{8809DA32-E43C-4E59-A254-913DABC7EA18}.Release|Any CPU.ActiveCfg = Release|Any CPU
		{8809DA32-E43C-4E59-A254-913DABC7EA18}.Release|Any CPU.Build.0 = Release|Any CPU
		{C44135AC-2F1D-439D-AE82-2C1C4ED80665}.Debug|Any CPU.ActiveCfg = Debug|Any CPU
		{C44135AC-2F1D-439D-AE82-2C1C4ED80665}.Debug|Any CPU.Build.0 = Debug|Any CPU
		{C44135AC-2F1D-439D-AE82-2C1C4ED80665}.Release|Any CPU.ActiveCfg = Release|Any CPU
		{C44135AC-2F1D-439D-AE82-2C1C4ED80665}.Release|Any CPU.Build.0 = Release|Any CPU
		{4F32F9A9-16EF-4090-9087-1E6DDE8CE535}.Debug|Any CPU.ActiveCfg = Debug|Any CPU
		{4F32F9A9-16EF-4090-9087-1E6DDE8CE535}.Debug|Any CPU.Build.0 = Debug|Any CPU
		{4F32F9A9-16EF-4090-9087-1E6DDE8CE535}.Release|Any CPU.ActiveCfg = Release|Any CPU
		{4F32F9A9-16EF-4090-9087-1E6DDE8CE535}.Release|Any CPU.Build.0 = Release|Any CPU
	EndGlobalSection
	GlobalSection(SolutionProperties) = preSolution
		HideSolutionNode = FALSE
	EndGlobalSection
	GlobalSection(NestedProjects) = preSolution
		{990EA3B3-AF14-4AAA-96B4-9FC3D09B65D6} = {BF1B4A4A-E8FE-4CB7-9DAC-A422B2448499}
		{8F8312E3-5E60-4049-A307-9D4089DA0C8B} = {990EA3B3-AF14-4AAA-96B4-9FC3D09B65D6}
		{54917699-0D1F-4E9C-B2D7-1814EE10947C} = {990EA3B3-AF14-4AAA-96B4-9FC3D09B65D6}
		{883320D6-390A-4B1C-889A-BA28644CF9F5} = {990EA3B3-AF14-4AAA-96B4-9FC3D09B65D6}
		{106FD3B5-83FC-45A5-8D60-098357AAA51C} = {990EA3B3-AF14-4AAA-96B4-9FC3D09B65D6}
		{4F9CBC8A-F592-4250-9EB2-5CDC1C5C7E3B} = {990EA3B3-AF14-4AAA-96B4-9FC3D09B65D6}
		{7107681B-40F1-4A2D-9DA9-698590A18D04} = {990EA3B3-AF14-4AAA-96B4-9FC3D09B65D6}
		{C567A9E5-E45A-481B-9BBA-48462A522F78} = {990EA3B3-AF14-4AAA-96B4-9FC3D09B65D6}
		{E2A015CD-A5C6-4F5C-B088-D39B53F926CE} = {990EA3B3-AF14-4AAA-96B4-9FC3D09B65D6}
		{CA3221B4-81AF-423D-890B-35EA44F1ADF1} = {990EA3B3-AF14-4AAA-96B4-9FC3D09B65D6}
		{C825EE75-C988-42DB-9B1A-7B94E28C3D2E} = {990EA3B3-AF14-4AAA-96B4-9FC3D09B65D6}
		{8C61BA4D-8F77-497C-8AD4-9605B3E7F91E} = {990EA3B3-AF14-4AAA-96B4-9FC3D09B65D6}
		{89CE0D6F-B1AD-40E6-B191-3900912F2267} = {BF1B4A4A-E8FE-4CB7-9DAC-A422B2448499}
		{2B28992F-4883-4C33-82E3-6696021FB5B9} = {89CE0D6F-B1AD-40E6-B191-3900912F2267}
		{01765962-B73D-447E-A2B1-FC0D7A7D347C} = {89CE0D6F-B1AD-40E6-B191-3900912F2267}
		{C06744FF-65DD-412A-8AEE-92D21A91D03A} = {89CE0D6F-B1AD-40E6-B191-3900912F2267}
		{8809DA32-E43C-4E59-A254-913DABC7EA18} = {990EA3B3-AF14-4AAA-96B4-9FC3D09B65D6}
		{C44135AC-2F1D-439D-AE82-2C1C4ED80665} = {990EA3B3-AF14-4AAA-96B4-9FC3D09B65D6}
		{4F32F9A9-16EF-4090-9087-1E6DDE8CE535} = {990EA3B3-AF14-4AAA-96B4-9FC3D09B65D6}
	EndGlobalSection
	GlobalSection(ExtensibilityGlobals) = postSolution
		SolutionGuid = {7C202C2F-4ED3-409A-BF51-63A553557F49}
	EndGlobalSection
EndGlobal
